{
  "name": "@cycle/run",
  "version": "3.1.0",
  "lockfileVersion": 1,
  "dependencies": {
    "@types/es6-promise": {
      "version": "0.0.32",
      "resolved": "https://registry.npmjs.org/@types/es6-promise/-/es6-promise-0.0.32.tgz",
      "integrity": "sha1-O89E+x5Cnz33YYjIxth0Rjujcf0=",
      "dev": true
    },
    "@types/mocha": {
      "version": "2.2.41",
      "resolved": "https://registry.npmjs.org/@types/mocha/-/mocha-2.2.41.tgz",
      "integrity": "sha1-4nzwgXFT658nE7LT9saPHhw8pgg=",
      "dev": true
    },
    "@types/sinon": {
      "version": "1.16.36",
      "resolved": "https://registry.npmjs.org/@types/sinon/-/sinon-1.16.36.tgz",
      "integrity": "sha1-dLtu15KFl8Gz+xsAkAXpTcbq41c=",
      "dev": true
    },
    "symbol-observable": {
      "version": "1.0.4",
      "resolved": "https://registry.npmjs.org/symbol-observable/-/symbol-observable-1.0.4.tgz",
      "integrity": "sha1-Kb9hXUqnEhvdiYsi1LP5vE4qoD0="
    },
    "xstream": {
      "version": "10.8.0",
      "resolved": "https://registry.npmjs.org/xstream/-/xstream-10.8.0.tgz",
      "integrity": "sha1-88cLEqce803MavROp+GwxA0yD08="
    }
  }
}
